// !$*UTF8*$!
{
	archiveVersion = 1;
	classes = {
	};
	objectVersion = 46;
	objects = {

/* Begin PBXBuildFile section */
		32A0F84CB6E031713A399128 /* Pods_WaterReportTests.framework in Frameworks */ = {isa = PBXBuildFile; fileRef = B91186217ADF1E94D161EEC2 /* Pods_WaterReportTests.framework */; };
		725424E7D139DEB8EB0D4399 /* Pods_WaterReport.framework in Frameworks */ = {isa = PBXBuildFile; fileRef = B8EE2E26E744DD2AAFB2CE3F /* Pods_WaterReport.framework */; };
		9C19B7441E62AA8800D54356 /* LoginViewController.swift in Sources */ = {isa = PBXBuildFile; fileRef = 9C19B7431E62AA8800D54356 /* LoginViewController.swift */; };
		9C19B7461E62AAC100D54356 /* RegisterViewController.swift in Sources */ = {isa = PBXBuildFile; fileRef = 9C19B7451E62AAC100D54356 /* RegisterViewController.swift */; };
		9C475ADB1E62BA09002BF6B1 /* ProfileViewController.swift in Sources */ = {isa = PBXBuildFile; fileRef = 9C475ADA1E62BA09002BF6B1 /* ProfileViewController.swift */; };
		9C69A18F1E88A43A000D01A3 /* WaterSourceReportViewController.swift in Sources */ = {isa = PBXBuildFile; fileRef = 9C69A18E1E88A43A000D01A3 /* WaterSourceReportViewController.swift */; };
		9C69A1911E88A90C000D01A3 /* WaterTypeTableViewController.swift in Sources */ = {isa = PBXBuildFile; fileRef = 9C69A1901E88A90C000D01A3 /* WaterTypeTableViewController.swift */; };
		9C69A1931E88A938000D01A3 /* WaterConditionTableViewController.swift in Sources */ = {isa = PBXBuildFile; fileRef = 9C69A1921E88A938000D01A3 /* WaterConditionTableViewController.swift */; };
		9C69A1961E88C215000D01A3 /* CustomTableViewCell.swift in Sources */ = {isa = PBXBuildFile; fileRef = 9C69A1941E88C215000D01A3 /* CustomTableViewCell.swift */; };
		9C69A1971E88C215000D01A3 /* CustomTableViewCell.xib in Resources */ = {isa = PBXBuildFile; fileRef = 9C69A1951E88C215000D01A3 /* CustomTableViewCell.xib */; };
		9C96E9791E91D4C5004724AA /* MapViewController.swift in Sources */ = {isa = PBXBuildFile; fileRef = 9C96E9781E91D4C5004724AA /* MapViewController.swift */; };
		9C9843D21E6D2D19001BBBD7 /* AccountTypeTableViewController.swift in Sources */ = {isa = PBXBuildFile; fileRef = 9C9843D11E6D2D19001BBBD7 /* AccountTypeTableViewController.swift */; };
		9CA28EAF1E908CCB00CD1B7E /* WaterReportListViewController.swift in Sources */ = {isa = PBXBuildFile; fileRef = 9CA28EAE1E908CCB00CD1B7E /* WaterReportListViewController.swift */; };
		9CACF1AD1E90790D00E7E1AF /* Google Maps_000000_25.png in Resources */ = {isa = PBXBuildFile; fileRef = 9CACF1AC1E90790D00E7E1AF /* Google Maps_000000_25.png */; };
		9CB3BADB1E6748F000F6C958 /* AdSupport.framework in Frameworks */ = {isa = PBXBuildFile; fileRef = 9CB3BADA1E6748F000F6C958 /* AdSupport.framework */; };
		9CB6AB8A1E628C190031174E /* GoogleService-Info.plist in Resources */ = {isa = PBXBuildFile; fileRef = 9CB6AB891E628C190031174E /* GoogleService-Info.plist */; };
		9CB904931E9B125C00D8F8F2 /* WaterSourceReport.swift in Sources */ = {isa = PBXBuildFile; fileRef = 9CB904921E9B125C00D8F8F2 /* WaterSourceReport.swift */; };
		9CE80E121E69255B00E11285 /* Main.storyboard in Resources */ = {isa = PBXBuildFile; fileRef = 9CE80E101E69255B00E11285 /* Main.storyboard */; };
		9CE80E141E69329F00E11285 /* MenuBar.swift in Sources */ = {isa = PBXBuildFile; fileRef = 9CE80E131E69329F00E11285 /* MenuBar.swift */; };
		9CECA0DC1E70BA970019A1F0 /* WaterCondition.swift in Sources */ = {isa = PBXBuildFile; fileRef = 9CECA0DB1E70BA970019A1F0 /* WaterCondition.swift */; };
		9CECA0DE1E70C5B80019A1F0 /* WaterOverallCondition.swift in Sources */ = {isa = PBXBuildFile; fileRef = 9CECA0DD1E70C5B80019A1F0 /* WaterOverallCondition.swift */; };
		9CECA0E01E70C73C0019A1F0 /* WaterType.swift in Sources */ = {isa = PBXBuildFile; fileRef = 9CECA0DF1E70C73C0019A1F0 /* WaterType.swift */; };
		9CECA0E21E70C8610019A1F0 /* Location.swift in Sources */ = {isa = PBXBuildFile; fileRef = 9CECA0E11E70C8610019A1F0 /* Location.swift */; };
		9CECA0E61E71CDE80019A1F0 /* Circled User Male_000000_25.png in Resources */ = {isa = PBXBuildFile; fileRef = 9CECA0E51E71CDE80019A1F0 /* Circled User Male_000000_25.png */; };
		9CECA0E81E71CDFD0019A1F0 /* Home_000000_25.png in Resources */ = {isa = PBXBuildFile; fileRef = 9CECA0E71E71CDFD0019A1F0 /* Home_000000_25.png */; };
		9CECA0EA1E71CE1D0019A1F0 /* Edit_000000_25.png in Resources */ = {isa = PBXBuildFile; fileRef = 9CECA0E91E71CE1D0019A1F0 /* Edit_000000_25.png */; };
		9CECA0F01E71F0870019A1F0 /* Profile_NevigationViewController.swift in Sources */ = {isa = PBXBuildFile; fileRef = 9CECA0EF1E71F0870019A1F0 /* Profile_NevigationViewController.swift */; };
		9CF826EB1E634CE20081591A /* HomeViewController.swift in Sources */ = {isa = PBXBuildFile; fileRef = 9CF826EA1E634CE20081591A /* HomeViewController.swift */; };
		9CF826F01E635E480081591A /* User.swift in Sources */ = {isa = PBXBuildFile; fileRef = 9CF826EF1E635E480081591A /* User.swift */; };
		9CF826F21E635F4E0081591A /* AccountType.swift in Sources */ = {isa = PBXBuildFile; fileRef = 9CF826F11E635F4E0081591A /* AccountType.swift */; };
		CEF2A5431E4F610500C604AC /* AppDelegate.swift in Sources */ = {isa = PBXBuildFile; fileRef = CEF2A5421E4F610500C604AC /* AppDelegate.swift */; };
		CEF2A5451E4F610500C604AC /* ViewController.swift in Sources */ = {isa = PBXBuildFile; fileRef = CEF2A5441E4F610500C604AC /* ViewController.swift */; };
		CEF2A54A1E4F610500C604AC /* Assets.xcassets in Resources */ = {isa = PBXBuildFile; fileRef = CEF2A5491E4F610500C604AC /* Assets.xcassets */; };
		CEF2A54D1E4F610500C604AC /* LaunchScreen.storyboard in Resources */ = {isa = PBXBuildFile; fileRef = CEF2A54B1E4F610500C604AC /* LaunchScreen.storyboard */; };
		CEF2A5581E4F610500C604AC /* WaterReportTests.swift in Sources */ = {isa = PBXBuildFile; fileRef = CEF2A5571E4F610500C604AC /* WaterReportTests.swift */; };
/* End PBXBuildFile section */

/* Begin PBXContainerItemProxy section */
		CEF2A5541E4F610500C604AC /* PBXContainerItemProxy */ = {
			isa = PBXContainerItemProxy;
			containerPortal = CEF2A5371E4F610500C604AC /* Project object */;
			proxyType = 1;
			remoteGlobalIDString = CEF2A53E1E4F610500C604AC;
			remoteInfo = WaterReport;
		};
/* End PBXContainerItemProxy section */

/* Begin PBXFileReference section */
		25CCF7D01983EFC64155ABB3 /* Pods-WaterReport.debug.xcconfig */ = {isa = PBXFileReference; includeInIndex = 1; lastKnownFileType = text.xcconfig; name = "Pods-WaterReport.debug.xcconfig"; path = "Pods/Target Support Files/Pods-WaterReport/Pods-WaterReport.debug.xcconfig"; sourceTree = "<group>"; };
		83C4221D112E739C0126A551 /* Pods-WaterReport.release.xcconfig */ = {isa = PBXFileReference; includeInIndex = 1; lastKnownFileType = text.xcconfig; name = "Pods-WaterReport.release.xcconfig"; path = "Pods/Target Support Files/Pods-WaterReport/Pods-WaterReport.release.xcconfig"; sourceTree = "<group>"; };
		9C19B7431E62AA8800D54356 /* LoginViewController.swift */ = {isa = PBXFileReference; fileEncoding = 4; lastKnownFileType = sourcecode.swift; path = LoginViewController.swift; sourceTree = "<group>"; };
		9C19B7451E62AAC100D54356 /* RegisterViewController.swift */ = {isa = PBXFileReference; fileEncoding = 4; lastKnownFileType = sourcecode.swift; path = RegisterViewController.swift; sourceTree = "<group>"; };
		9C475ADA1E62BA09002BF6B1 /* ProfileViewController.swift */ = {isa = PBXFileReference; fileEncoding = 4; lastKnownFileType = sourcecode.swift; path = ProfileViewController.swift; sourceTree = "<group>"; };
		9C69A18E1E88A43A000D01A3 /* WaterSourceReportViewController.swift */ = {isa = PBXFileReference; fileEncoding = 4; lastKnownFileType = sourcecode.swift; path = WaterSourceReportViewController.swift; sourceTree = "<group>"; };
		9C69A1901E88A90C000D01A3 /* WaterTypeTableViewController.swift */ = {isa = PBXFileReference; fileEncoding = 4; lastKnownFileType = sourcecode.swift; path = WaterTypeTableViewController.swift; sourceTree = "<group>"; };
		9C69A1921E88A938000D01A3 /* WaterConditionTableViewController.swift */ = {isa = PBXFileReference; fileEncoding = 4; lastKnownFileType = sourcecode.swift; path = WaterConditionTableViewController.swift; sourceTree = "<group>"; };
		9C69A1941E88C215000D01A3 /* CustomTableViewCell.swift */ = {isa = PBXFileReference; fileEncoding = 4; lastKnownFileType = sourcecode.swift; path = CustomTableViewCell.swift; sourceTree = "<group>"; };
		9C69A1951E88C215000D01A3 /* CustomTableViewCell.xib */ = {isa = PBXFileReference; fileEncoding = 4; lastKnownFileType = file.xib; path = CustomTableViewCell.xib; sourceTree = "<group>"; };
		9C96E9781E91D4C5004724AA /* MapViewController.swift */ = {isa = PBXFileReference; fileEncoding = 4; lastKnownFileType = sourcecode.swift; path = MapViewController.swift; sourceTree = "<group>"; };
		9C9843D11E6D2D19001BBBD7 /* AccountTypeTableViewController.swift */ = {isa = PBXFileReference; fileEncoding = 4; lastKnownFileType = sourcecode.swift; path = AccountTypeTableViewController.swift; sourceTree = "<group>"; };
		9CA28EAE1E908CCB00CD1B7E /* WaterReportListViewController.swift */ = {isa = PBXFileReference; fileEncoding = 4; lastKnownFileType = sourcecode.swift; path = WaterReportListViewController.swift; sourceTree = "<group>"; };
		9CACF1AC1E90790D00E7E1AF /* Google Maps_000000_25.png */ = {isa = PBXFileReference; lastKnownFileType = image.png; name = "Google Maps_000000_25.png"; path = "../../Documents/com.visualpharm.Icons8/ios/Logos/Google Maps_000000_25.png"; sourceTree = "<group>"; };
		9CB3BADA1E6748F000F6C958 /* AdSupport.framework */ = {isa = PBXFileReference; lastKnownFileType = wrapper.framework; name = AdSupport.framework; path = System/Library/Frameworks/AdSupport.framework; sourceTree = SDKROOT; };
		9CB6AB891E628C190031174E /* GoogleService-Info.plist */ = {isa = PBXFileReference; fileEncoding = 4; lastKnownFileType = text.plist.xml; name = "GoogleService-Info.plist"; path = "../../Downloads/GoogleService-Info.plist"; sourceTree = "<group>"; };
		9CB904921E9B125C00D8F8F2 /* WaterSourceReport.swift */ = {isa = PBXFileReference; fileEncoding = 4; lastKnownFileType = sourcecode.swift; path = WaterSourceReport.swift; sourceTree = "<group>"; };
		9CE80E111E69255B00E11285 /* Base */ = {isa = PBXFileReference; lastKnownFileType = file.storyboard; name = Base; path = Base.lproj/Main.storyboard; sourceTree = "<group>"; };
		9CE80E131E69329F00E11285 /* MenuBar.swift */ = {isa = PBXFileReference; fileEncoding = 4; lastKnownFileType = sourcecode.swift; path = MenuBar.swift; sourceTree = "<group>"; };
		9CECA0DB1E70BA970019A1F0 /* WaterCondition.swift */ = {isa = PBXFileReference; fileEncoding = 4; lastKnownFileType = sourcecode.swift; path = WaterCondition.swift; sourceTree = "<group>"; };
		9CECA0DD1E70C5B80019A1F0 /* WaterOverallCondition.swift */ = {isa = PBXFileReference; fileEncoding = 4; lastKnownFileType = sourcecode.swift; path = WaterOverallCondition.swift; sourceTree = "<group>"; };
		9CECA0DF1E70C73C0019A1F0 /* WaterType.swift */ = {isa = PBXFileReference; fileEncoding = 4; lastKnownFileType = sourcecode.swift; path = WaterType.swift; sourceTree = "<group>"; };
		9CECA0E11E70C8610019A1F0 /* Location.swift */ = {isa = PBXFileReference; fileEncoding = 4; lastKnownFileType = sourcecode.swift; path = Location.swift; sourceTree = "<group>"; };
		9CECA0E51E71CDE80019A1F0 /* Circled User Male_000000_25.png */ = {isa = PBXFileReference; lastKnownFileType = image.png; name = "Circled User Male_000000_25.png"; path = "../../Documents/com.visualpharm.Icons8/ios/People/Circled User Male_000000_25.png"; sourceTree = "<group>"; };
		9CECA0E71E71CDFD0019A1F0 /* Home_000000_25.png */ = {isa = PBXFileReference; lastKnownFileType = image.png; name = Home_000000_25.png; path = "../../Documents/com.visualpharm.Icons8/ios/Very Basic/Home_000000_25.png"; sourceTree = "<group>"; };
		9CECA0E91E71CE1D0019A1F0 /* Edit_000000_25.png */ = {isa = PBXFileReference; lastKnownFileType = image.png; name = Edit_000000_25.png; path = ../../Documents/com.visualpharm.Icons8/ios/Editing/Edit_000000_25.png; sourceTree = "<group>"; };
		9CECA0EF1E71F0870019A1F0 /* Profile_NevigationViewController.swift */ = {isa = PBXFileReference; fileEncoding = 4; lastKnownFileType = sourcecode.swift; path = Profile_NevigationViewController.swift; sourceTree = "<group>"; };
		9CF826EA1E634CE20081591A /* HomeViewController.swift */ = {isa = PBXFileReference; fileEncoding = 4; lastKnownFileType = sourcecode.swift; path = HomeViewController.swift; sourceTree = "<group>"; };
		9CF826EF1E635E480081591A /* User.swift */ = {isa = PBXFileReference; fileEncoding = 4; lastKnownFileType = sourcecode.swift; path = User.swift; sourceTree = "<group>"; };
		9CF826F11E635F4E0081591A /* AccountType.swift */ = {isa = PBXFileReference; fileEncoding = 4; lastKnownFileType = sourcecode.swift; path = AccountType.swift; sourceTree = "<group>"; };
		9D64673313F401252D862F35 /* Pods-WaterReportTests.debug.xcconfig */ = {isa = PBXFileReference; includeInIndex = 1; lastKnownFileType = text.xcconfig; name = "Pods-WaterReportTests.debug.xcconfig"; path = "Pods/Target Support Files/Pods-WaterReportTests/Pods-WaterReportTests.debug.xcconfig"; sourceTree = "<group>"; };
		B25968BFDDB7825EE9329056 /* Pods-WaterReportTests.release.xcconfig */ = {isa = PBXFileReference; includeInIndex = 1; lastKnownFileType = text.xcconfig; name = "Pods-WaterReportTests.release.xcconfig"; path = "Pods/Target Support Files/Pods-WaterReportTests/Pods-WaterReportTests.release.xcconfig"; sourceTree = "<group>"; };
		B8EE2E26E744DD2AAFB2CE3F /* Pods_WaterReport.framework */ = {isa = PBXFileReference; explicitFileType = wrapper.framework; includeInIndex = 0; path = Pods_WaterReport.framework; sourceTree = BUILT_PRODUCTS_DIR; };
		B91186217ADF1E94D161EEC2 /* Pods_WaterReportTests.framework */ = {isa = PBXFileReference; explicitFileType = wrapper.framework; includeInIndex = 0; path = Pods_WaterReportTests.framework; sourceTree = BUILT_PRODUCTS_DIR; };
		CEF2A53F1E4F610500C604AC /* WaterReport.app */ = {isa = PBXFileReference; explicitFileType = wrapper.application; includeInIndex = 0; path = WaterReport.app; sourceTree = BUILT_PRODUCTS_DIR; };
		CEF2A5421E4F610500C604AC /* AppDelegate.swift */ = {isa = PBXFileReference; lastKnownFileType = sourcecode.swift; path = AppDelegate.swift; sourceTree = "<group>"; };
		CEF2A5441E4F610500C604AC /* ViewController.swift */ = {isa = PBXFileReference; lastKnownFileType = sourcecode.swift; path = ViewController.swift; sourceTree = "<group>"; };
		CEF2A5491E4F610500C604AC /* Assets.xcassets */ = {isa = PBXFileReference; lastKnownFileType = folder.assetcatalog; path = Assets.xcassets; sourceTree = "<group>"; };
		CEF2A54C1E4F610500C604AC /* Base */ = {isa = PBXFileReference; lastKnownFileType = file.storyboard; name = Base; path = Base.lproj/LaunchScreen.storyboard; sourceTree = "<group>"; };
		CEF2A54E1E4F610500C604AC /* Info.plist */ = {isa = PBXFileReference; lastKnownFileType = text.plist.xml; path = Info.plist; sourceTree = "<group>"; };
		CEF2A5531E4F610500C604AC /* WaterReportTests.xctest */ = {isa = PBXFileReference; explicitFileType = wrapper.cfbundle; includeInIndex = 0; path = WaterReportTests.xctest; sourceTree = BUILT_PRODUCTS_DIR; };
		CEF2A5571E4F610500C604AC /* WaterReportTests.swift */ = {isa = PBXFileReference; lastKnownFileType = sourcecode.swift; path = WaterReportTests.swift; sourceTree = "<group>"; };
		CEF2A5591E4F610500C604AC /* Info.plist */ = {isa = PBXFileReference; lastKnownFileType = text.plist.xml; path = Info.plist; sourceTree = "<group>"; };
/* End PBXFileReference section */

/* Begin PBXFrameworksBuildPhase section */
		CEF2A53C1E4F610500C604AC /* Frameworks */ = {
			isa = PBXFrameworksBuildPhase;
			buildActionMask = 2147483647;
			files = (
				9CB3BADB1E6748F000F6C958 /* AdSupport.framework in Frameworks */,
				725424E7D139DEB8EB0D4399 /* Pods_WaterReport.framework in Frameworks */,
			);
			runOnlyForDeploymentPostprocessing = 0;
		};
		CEF2A5501E4F610500C604AC /* Frameworks */ = {
			isa = PBXFrameworksBuildPhase;
			buildActionMask = 2147483647;
			files = (
				32A0F84CB6E031713A399128 /* Pods_WaterReportTests.framework in Frameworks */,
			);
			runOnlyForDeploymentPostprocessing = 0;
		};
/* End PBXFrameworksBuildPhase section */

/* Begin PBXGroup section */
		7143C29A619E1DD9404FA7AA /* Frameworks */ = {
			isa = PBXGroup;
			children = (
				9CB3BADA1E6748F000F6C958 /* AdSupport.framework */,
				B8EE2E26E744DD2AAFB2CE3F /* Pods_WaterReport.framework */,
				B91186217ADF1E94D161EEC2 /* Pods_WaterReportTests.framework */,
			);
			name = Frameworks;
			sourceTree = "<group>";
		};
		9CA28EB01E90904500CD1B7E /* Custom Cell */ = {
			isa = PBXGroup;
			children = (
				9C69A1941E88C215000D01A3 /* CustomTableViewCell.swift */,
				9C69A1951E88C215000D01A3 /* CustomTableViewCell.xib */,
			);
			name = "Custom Cell";
			sourceTree = "<group>";
		};
		9CECA0EB1E71CE350019A1F0 /* Icon */ = {
			isa = PBXGroup;
			children = (
				9CACF1AC1E90790D00E7E1AF /* Google Maps_000000_25.png */,
				9CECA0E51E71CDE80019A1F0 /* Circled User Male_000000_25.png */,
				9CECA0E91E71CE1D0019A1F0 /* Edit_000000_25.png */,
				9CECA0E71E71CDFD0019A1F0 /* Home_000000_25.png */,
			);
			name = Icon;
			sourceTree = "<group>";
		};
		9CF826EC1E6358730081591A /* View Controller */ = {
			isa = PBXGroup;
			children = (
				CEF2A5421E4F610500C604AC /* AppDelegate.swift */,
				CEF2A5441E4F610500C604AC /* ViewController.swift */,
				9C19B7431E62AA8800D54356 /* LoginViewController.swift */,
				9C19B7451E62AAC100D54356 /* RegisterViewController.swift */,
				9C475ADA1E62BA09002BF6B1 /* ProfileViewController.swift */,
				9CF826EA1E634CE20081591A /* HomeViewController.swift */,
				9C9843D11E6D2D19001BBBD7 /* AccountTypeTableViewController.swift */,
				9CECA0EF1E71F0870019A1F0 /* Profile_NevigationViewController.swift */,
				9C69A18E1E88A43A000D01A3 /* WaterSourceReportViewController.swift */,
				9C69A1901E88A90C000D01A3 /* WaterTypeTableViewController.swift */,
				9C69A1921E88A938000D01A3 /* WaterConditionTableViewController.swift */,
				9CA28EAE1E908CCB00CD1B7E /* WaterReportListViewController.swift */,
				9C96E9781E91D4C5004724AA /* MapViewController.swift */,
			);
			name = "View Controller";
			sourceTree = "<group>";
		};
		9CF826ED1E635D160081591A /* Model */ = {
			isa = PBXGroup;
			children = (
				9CF826EF1E635E480081591A /* User.swift */,
				9CF826F11E635F4E0081591A /* AccountType.swift */,
				9CE80E131E69329F00E11285 /* MenuBar.swift */,
				9CECA0DB1E70BA970019A1F0 /* WaterCondition.swift */,
				9CECA0DD1E70C5B80019A1F0 /* WaterOverallCondition.swift */,
				9CECA0DF1E70C73C0019A1F0 /* WaterType.swift */,
				9CECA0E11E70C8610019A1F0 /* Location.swift */,
				9CB904921E9B125C00D8F8F2 /* WaterSourceReport.swift */,
			);
			name = Model;
			sourceTree = "<group>";
		};
		9CF826EE1E635D2D0081591A /* Supporting Files */ = {
			isa = PBXGroup;
			children = (
				9CECA0EB1E71CE350019A1F0 /* Icon */,
				9CE80E101E69255B00E11285 /* Main.storyboard */,
				9CB6AB891E628C190031174E /* GoogleService-Info.plist */,
				CEF2A5491E4F610500C604AC /* Assets.xcassets */,
				CEF2A54B1E4F610500C604AC /* LaunchScreen.storyboard */,
				CEF2A54E1E4F610500C604AC /* Info.plist */,
			);
			name = "Supporting Files";
			sourceTree = "<group>";
		};
		CEF2A5361E4F610500C604AC = {
			isa = PBXGroup;
			children = (
				CEF2A5411E4F610500C604AC /* WaterReport */,
				CEF2A5561E4F610500C604AC /* WaterReportTests */,
				CEF2A5401E4F610500C604AC /* Products */,
				D63339421604754B28B27969 /* Pods */,
				7143C29A619E1DD9404FA7AA /* Frameworks */,
			);
			sourceTree = "<group>";
		};
		CEF2A5401E4F610500C604AC /* Products */ = {
			isa = PBXGroup;
			children = (
				CEF2A53F1E4F610500C604AC /* WaterReport.app */,
				CEF2A5531E4F610500C604AC /* WaterReportTests.xctest */,
			);
			name = Products;
			sourceTree = "<group>";
		};
		CEF2A5411E4F610500C604AC /* WaterReport */ = {
			isa = PBXGroup;
			children = (
				9CF826EC1E6358730081591A /* View Controller */,
				9CF826ED1E635D160081591A /* Model */,
				9CA28EB01E90904500CD1B7E /* Custom Cell */,
				9CF826EE1E635D2D0081591A /* Supporting Files */,
			);
			path = WaterReport;
			sourceTree = "<group>";
		};
		CEF2A5561E4F610500C604AC /* WaterReportTests */ = {
			isa = PBXGroup;
			children = (
				CEF2A5571E4F610500C604AC /* WaterReportTests.swift */,
				CEF2A5591E4F610500C604AC /* Info.plist */,
			);
			path = WaterReportTests;
			sourceTree = "<group>";
		};
		D63339421604754B28B27969 /* Pods */ = {
			isa = PBXGroup;
			children = (
				25CCF7D01983EFC64155ABB3 /* Pods-WaterReport.debug.xcconfig */,
				83C4221D112E739C0126A551 /* Pods-WaterReport.release.xcconfig */,
				9D64673313F401252D862F35 /* Pods-WaterReportTests.debug.xcconfig */,
				B25968BFDDB7825EE9329056 /* Pods-WaterReportTests.release.xcconfig */,
			);
			name = Pods;
			sourceTree = "<group>";
		};
/* End PBXGroup section */

/* Begin PBXNativeTarget section */
		CEF2A53E1E4F610500C604AC /* WaterReport */ = {
			isa = PBXNativeTarget;
			buildConfigurationList = CEF2A55C1E4F610500C604AC /* Build configuration list for PBXNativeTarget "WaterReport" */;
			buildPhases = (
				48A3C5FC874D4693E8F60C6B /* [CP] Check Pods Manifest.lock */,
				CEF2A53B1E4F610500C604AC /* Sources */,
				CEF2A53C1E4F610500C604AC /* Frameworks */,
				CEF2A53D1E4F610500C604AC /* Resources */,
				D345B0841960357C712AB599 /* [CP] Embed Pods Frameworks */,
				767F06580BEFA48249AC857E /* [CP] Copy Pods Resources */,
			);
			buildRules = (
			);
			dependencies = (
			);
			name = WaterReport;
			productName = WaterReport;
			productReference = CEF2A53F1E4F610500C604AC /* WaterReport.app */;
			productType = "com.apple.product-type.application";
		};
		CEF2A5521E4F610500C604AC /* WaterReportTests */ = {
			isa = PBXNativeTarget;
			buildConfigurationList = CEF2A55F1E4F610500C604AC /* Build configuration list for PBXNativeTarget "WaterReportTests" */;
			buildPhases = (
				9F203EDC1B644571CCCD2CA0 /* [CP] Check Pods Manifest.lock */,
				CEF2A54F1E4F610500C604AC /* Sources */,
				CEF2A5501E4F610500C604AC /* Frameworks */,
				CEF2A5511E4F610500C604AC /* Resources */,
				1930F7A981A6FABEF171B393 /* [CP] Embed Pods Frameworks */,
				0F8EE22D08F3A9496A1F7A32 /* [CP] Copy Pods Resources */,
			);
			buildRules = (
			);
			dependencies = (
				CEF2A5551E4F610500C604AC /* PBXTargetDependency */,
			);
			name = WaterReportTests;
			productName = WaterReportTests;
			productReference = CEF2A5531E4F610500C604AC /* WaterReportTests.xctest */;
			productType = "com.apple.product-type.bundle.unit-test";
		};
/* End PBXNativeTarget section */

/* Begin PBXProject section */
		CEF2A5371E4F610500C604AC /* Project object */ = {
			isa = PBXProject;
			attributes = {
				LastSwiftUpdateCheck = 0820;
				LastUpgradeCheck = 0820;
				ORGANIZATIONNAME = "Brian Piejak";
				TargetAttributes = {
					CEF2A53E1E4F610500C604AC = {
						CreatedOnToolsVersion = 8.2.1;
						ProvisioningStyle = Automatic;
					};
					CEF2A5521E4F610500C604AC = {
						CreatedOnToolsVersion = 8.2.1;
						ProvisioningStyle = Automatic;
						TestTargetID = CEF2A53E1E4F610500C604AC;
					};
				};
			};
			buildConfigurationList = CEF2A53A1E4F610500C604AC /* Build configuration list for PBXProject "WaterReport" */;
			compatibilityVersion = "Xcode 3.2";
			developmentRegion = English;
			hasScannedForEncodings = 0;
			knownRegions = (
				en,
				Base,
			);
			mainGroup = CEF2A5361E4F610500C604AC;
			productRefGroup = CEF2A5401E4F610500C604AC /* Products */;
			projectDirPath = "";
			projectRoot = "";
			targets = (
				CEF2A53E1E4F610500C604AC /* WaterReport */,
				CEF2A5521E4F610500C604AC /* WaterReportTests */,
			);
		};
/* End PBXProject section */

/* Begin PBXResourcesBuildPhase section */
		CEF2A53D1E4F610500C604AC /* Resources */ = {
			isa = PBXResourcesBuildPhase;
			buildActionMask = 2147483647;
			files = (
				CEF2A54D1E4F610500C604AC /* LaunchScreen.storyboard in Resources */,
				9CECA0E81E71CDFD0019A1F0 /* Home_000000_25.png in Resources */,
				9CACF1AD1E90790D00E7E1AF /* Google Maps_000000_25.png in Resources */,
				9CECA0EA1E71CE1D0019A1F0 /* Edit_000000_25.png in Resources */,
				9CB6AB8A1E628C190031174E /* GoogleService-Info.plist in Resources */,
				9CECA0E61E71CDE80019A1F0 /* Circled User Male_000000_25.png in Resources */,
				CEF2A54A1E4F610500C604AC /* Assets.xcassets in Resources */,
				9C69A1971E88C215000D01A3 /* CustomTableViewCell.xib in Resources */,
				9CE80E121E69255B00E11285 /* Main.storyboard in Resources */,
			);
			runOnlyForDeploymentPostprocessing = 0;
		};
		CEF2A5511E4F610500C604AC /* Resources */ = {
			isa = PBXResourcesBuildPhase;
			buildActionMask = 2147483647;
			files = (
			);
			runOnlyForDeploymentPostprocessing = 0;
		};
/* End PBXResourcesBuildPhase section */

/* Begin PBXShellScriptBuildPhase section */
		0F8EE22D08F3A9496A1F7A32 /* [CP] Copy Pods Resources */ = {
			isa = PBXShellScriptBuildPhase;
			buildActionMask = 2147483647;
			files = (
			);
			inputPaths = (
			);
			name = "[CP] Copy Pods Resources";
			outputPaths = (
			);
			runOnlyForDeploymentPostprocessing = 0;
			shellPath = /bin/sh;
			shellScript = "\"${SRCROOT}/Pods/Target Support Files/Pods-WaterReportTests/Pods-WaterReportTests-resources.sh\"\n";
			showEnvVarsInLog = 0;
		};
		1930F7A981A6FABEF171B393 /* [CP] Embed Pods Frameworks */ = {
			isa = PBXShellScriptBuildPhase;
			buildActionMask = 2147483647;
			files = (
			);
			inputPaths = (
			);
			name = "[CP] Embed Pods Frameworks";
			outputPaths = (
			);
			runOnlyForDeploymentPostprocessing = 0;
			shellPath = /bin/sh;
			shellScript = "\"${SRCROOT}/Pods/Target Support Files/Pods-WaterReportTests/Pods-WaterReportTests-frameworks.sh\"\n";
			showEnvVarsInLog = 0;
		};
		48A3C5FC874D4693E8F60C6B /* [CP] Check Pods Manifest.lock */ = {
			isa = PBXShellScriptBuildPhase;
			buildActionMask = 2147483647;
			files = (
			);
			inputPaths = (
			);
			name = "[CP] Check Pods Manifest.lock";
			outputPaths = (
			);
			runOnlyForDeploymentPostprocessing = 0;
			shellPath = /bin/sh;
			shellScript = "diff \"${PODS_ROOT}/../Podfile.lock\" \"${PODS_ROOT}/Manifest.lock\" > /dev/null\nif [ $? != 0 ] ; then\n    # print error to STDERR\n    echo \"error: The sandbox is not in sync with the Podfile.lock. Run 'pod install' or update your CocoaPods installation.\" >&2\n    exit 1\nfi\n";
			showEnvVarsInLog = 0;
		};
		767F06580BEFA48249AC857E /* [CP] Copy Pods Resources */ = {
			isa = PBXShellScriptBuildPhase;
			buildActionMask = 2147483647;
			files = (
			);
			inputPaths = (
			);
			name = "[CP] Copy Pods Resources";
			outputPaths = (
			);
			runOnlyForDeploymentPostprocessing = 0;
			shellPath = /bin/sh;
			shellScript = "\"${SRCROOT}/Pods/Target Support Files/Pods-WaterReport/Pods-WaterReport-resources.sh\"\n";
			showEnvVarsInLog = 0;
		};
		9F203EDC1B644571CCCD2CA0 /* [CP] Check Pods Manifest.lock */ = {
			isa = PBXShellScriptBuildPhase;
			buildActionMask = 2147483647;
			files = (
			);
			inputPaths = (
			);
			name = "[CP] Check Pods Manifest.lock";
			outputPaths = (
			);
			runOnlyForDeploymentPostprocessing = 0;
			shellPath = /bin/sh;
			shellScript = "diff \"${PODS_ROOT}/../Podfile.lock\" \"${PODS_ROOT}/Manifest.lock\" > /dev/null\nif [ $? != 0 ] ; then\n    # print error to STDERR\n    echo \"error: The sandbox is not in sync with the Podfile.lock. Run 'pod install' or update your CocoaPods installation.\" >&2\n    exit 1\nfi\n";
			showEnvVarsInLog = 0;
		};
		D345B0841960357C712AB599 /* [CP] Embed Pods Frameworks */ = {
			isa = PBXShellScriptBuildPhase;
			buildActionMask = 2147483647;
			files = (
			);
			inputPaths = (
			);
			name = "[CP] Embed Pods Frameworks";
			outputPaths = (
			);
			runOnlyForDeploymentPostprocessing = 0;
			shellPath = /bin/sh;
			shellScript = "\"${SRCROOT}/Pods/Target Support Files/Pods-WaterReport/Pods-WaterReport-frameworks.sh\"\n";
			showEnvVarsInLog = 0;
		};
/* End PBXShellScriptBuildPhase section */

/* Begin PBXSourcesBuildPhase section */
		CEF2A53B1E4F610500C604AC /* Sources */ = {
			isa = PBXSourcesBuildPhase;
			buildActionMask = 2147483647;
			files = (
				9C19B7441E62AA8800D54356 /* LoginViewController.swift in Sources */,
				9CB904931E9B125C00D8F8F2 /* WaterSourceReport.swift in Sources */,
				CEF2A5451E4F610500C604AC /* ViewController.swift in Sources */,
				9C475ADB1E62BA09002BF6B1 /* ProfileViewController.swift in Sources */,
				9C9843D21E6D2D19001BBBD7 /* AccountTypeTableViewController.swift in Sources */,
				9CF826F21E635F4E0081591A /* AccountType.swift in Sources */,
				9C69A1961E88C215000D01A3 /* CustomTableViewCell.swift in Sources */,
				9CECA0E01E70C73C0019A1F0 /* WaterType.swift in Sources */,
				9C69A1911E88A90C000D01A3 /* WaterTypeTableViewController.swift in Sources */,
				9C69A1931E88A938000D01A3 /* WaterConditionTableViewController.swift in Sources */,
				9CECA0E21E70C8610019A1F0 /* Location.swift in Sources */,
				9C96E9791E91D4C5004724AA /* MapViewController.swift in Sources */,
				9CECA0DE1E70C5B80019A1F0 /* WaterOverallCondition.swift in Sources */,
				CEF2A5431E4F610500C604AC /* AppDelegate.swift in Sources */,
				9CA28EAF1E908CCB00CD1B7E /* WaterReportListViewController.swift in Sources */,
				9CE80E141E69329F00E11285 /* MenuBar.swift in Sources */,
				9C69A18F1E88A43A000D01A3 /* WaterSourceReportViewController.swift in Sources */,
				9CF826EB1E634CE20081591A /* HomeViewController.swift in Sources */,
				9CECA0F01E71F0870019A1F0 /* Profile_NevigationViewController.swift in Sources */,
				9C19B7461E62AAC100D54356 /* RegisterViewController.swift in Sources */,
				9CF826F01E635E480081591A /* User.swift in Sources */,
				9CECA0DC1E70BA970019A1F0 /* WaterCondition.swift in Sources */,
			);
			runOnlyForDeploymentPostprocessing = 0;
		};
		CEF2A54F1E4F610500C604AC /* Sources */ = {
			isa = PBXSourcesBuildPhase;
			buildActionMask = 2147483647;
			files = (
				CEF2A5581E4F610500C604AC /* WaterReportTests.swift in Sources */,
			);
			runOnlyForDeploymentPostprocessing = 0;
		};
/* End PBXSourcesBuildPhase section */

/* Begin PBXTargetDependency section */
		CEF2A5551E4F610500C604AC /* PBXTargetDependency */ = {
			isa = PBXTargetDependency;
			target = CEF2A53E1E4F610500C604AC /* WaterReport */;
			targetProxy = CEF2A5541E4F610500C604AC /* PBXContainerItemProxy */;
		};
/* End PBXTargetDependency section */

/* Begin PBXVariantGroup section */
		9CE80E101E69255B00E11285 /* Main.storyboard */ = {
			isa = PBXVariantGroup;
			children = (
				9CE80E111E69255B00E11285 /* Base */,
			);
			name = Main.storyboard;
			sourceTree = "<group>";
		};
		CEF2A54B1E4F610500C604AC /* LaunchScreen.storyboard */ = {
			isa = PBXVariantGroup;
			children = (
				CEF2A54C1E4F610500C604AC /* Base */,
			);
			name = LaunchScreen.storyboard;
			sourceTree = "<group>";
		};
/* End PBXVariantGroup section */

/* Begin XCBuildConfiguration section */
		CEF2A55A1E4F610500C604AC /* Debug */ = {
			isa = XCBuildConfiguration;
			buildSettings = {
				ALWAYS_SEARCH_USER_PATHS = NO;
				CLANG_ANALYZER_NONNULL = YES;
				CLANG_CXX_LANGUAGE_STANDARD = "gnu++0x";
				CLANG_CXX_LIBRARY = "libc++";
				CLANG_ENABLE_MODULES = YES;
				CLANG_ENABLE_OBJC_ARC = YES;
				CLANG_WARN_BOOL_CONVERSION = YES;
				CLANG_WARN_CONSTANT_CONVERSION = YES;
				CLANG_WARN_DIRECT_OBJC_ISA_USAGE = YES_ERROR;
				CLANG_WARN_DOCUMENTATION_COMMENTS = YES;
				CLANG_WARN_EMPTY_BODY = YES;
				CLANG_WARN_ENUM_CONVERSION = YES;
				CLANG_WARN_INFINITE_RECURSION = YES;
				CLANG_WARN_INT_CONVERSION = YES;
				CLANG_WARN_OBJC_ROOT_CLASS = YES_ERROR;
				CLANG_WARN_SUSPICIOUS_MOVE = YES;
				CLANG_WARN_UNREACHABLE_CODE = YES;
				CLANG_WARN__DUPLICATE_METHOD_MATCH = YES;
				"CODE_SIGN_IDENTITY[sdk=iphoneos*]" = "iPhone Developer";
				COPY_PHASE_STRIP = NO;
				DEBUG_INFORMATION_FORMAT = dwarf;
				ENABLE_STRICT_OBJC_MSGSEND = YES;
				ENABLE_TESTABILITY = YES;
				GCC_C_LANGUAGE_STANDARD = gnu99;
				GCC_DYNAMIC_NO_PIC = NO;
				GCC_NO_COMMON_BLOCKS = YES;
				GCC_OPTIMIZATION_LEVEL = 0;
				GCC_PREPROCESSOR_DEFINITIONS = (
					"DEBUG=1",
					"$(inherited)",
				);
				GCC_WARN_64_TO_32_BIT_CONVERSION = YES;
				GCC_WARN_ABOUT_RETURN_TYPE = YES_ERROR;
				GCC_WARN_UNDECLARED_SELECTOR = YES;
				GCC_WARN_UNINITIALIZED_AUTOS = YES_AGGRESSIVE;
				GCC_WARN_UNUSED_FUNCTION = YES;
				GCC_WARN_UNUSED_VARIABLE = YES;
				IPHONEOS_DEPLOYMENT_TARGET = 10.2;
				MTL_ENABLE_DEBUG_INFO = YES;
				ONLY_ACTIVE_ARCH = YES;
				SDKROOT = iphoneos;
				SWIFT_ACTIVE_COMPILATION_CONDITIONS = DEBUG;
				SWIFT_OPTIMIZATION_LEVEL = "-Onone";
				TARGETED_DEVICE_FAMILY = "1,2";
			};
			name = Debug;
		};
		CEF2A55B1E4F610500C604AC /* Release */ = {
			isa = XCBuildConfiguration;
			buildSettings = {
				ALWAYS_SEARCH_USER_PATHS = NO;
				CLANG_ANALYZER_NONNULL = YES;
				CLANG_CXX_LANGUAGE_STANDARD = "gnu++0x";
				CLANG_CXX_LIBRARY = "libc++";
				CLANG_ENABLE_MODULES = YES;
				CLANG_ENABLE_OBJC_ARC = YES;
				CLANG_WARN_BOOL_CONVERSION = YES;
				CLANG_WARN_CONSTANT_CONVERSION = YES;
				CLANG_WARN_DIRECT_OBJC_ISA_USAGE = YES_ERROR;
				CLANG_WARN_DOCUMENTATION_COMMENTS = YES;
				CLANG_WARN_EMPTY_BODY = YES;
				CLANG_WARN_ENUM_CONVERSION = YES;
				CLANG_WARN_INFINITE_RECURSION = YES;
				CLANG_WARN_INT_CONVERSION = YES;
				CLANG_WARN_OBJC_ROOT_CLASS = YES_ERROR;
				CLANG_WARN_SUSPICIOUS_MOVE = YES;
				CLANG_WARN_UNREACHABLE_CODE = YES;
				CLANG_WARN__DUPLICATE_METHOD_MATCH = YES;
				"CODE_SIGN_IDENTITY[sdk=iphoneos*]" = "iPhone Developer";
				COPY_PHASE_STRIP = NO;
				DEBUG_INFORMATION_FORMAT = "dwarf-with-dsym";
				ENABLE_NS_ASSERTIONS = NO;
				ENABLE_STRICT_OBJC_MSGSEND = YES;
				GCC_C_LANGUAGE_STANDARD = gnu99;
				GCC_NO_COMMON_BLOCKS = YES;
				GCC_WARN_64_TO_32_BIT_CONVERSION = YES;
				GCC_WARN_ABOUT_RETURN_TYPE = YES_ERROR;
				GCC_WARN_UNDECLARED_SELECTOR = YES;
				GCC_WARN_UNINITIALIZED_AUTOS = YES_AGGRESSIVE;
				GCC_WARN_UNUSED_FUNCTION = YES;
				GCC_WARN_UNUSED_VARIABLE = YES;
				IPHONEOS_DEPLOYMENT_TARGET = 10.2;
				MTL_ENABLE_DEBUG_INFO = NO;
				ONLY_ACTIVE_ARCH = YES;
				SDKROOT = iphoneos;
				SWIFT_OPTIMIZATION_LEVEL = "-Owholemodule";
				TARGETED_DEVICE_FAMILY = "1,2";
				VALIDATE_PRODUCT = YES;
			};
			name = Release;
		};
		CEF2A55D1E4F610500C604AC /* Debug */ = {
			isa = XCBuildConfiguration;
			baseConfigurationReference = 25CCF7D01983EFC64155ABB3 /* Pods-WaterReport.debug.xcconfig */;
			buildSettings = {
				ASSETCATALOG_COMPILER_APPICON_NAME = AppIcon;
				INFOPLIST_FILE = WaterReport/Info.plist;
				LD_RUNPATH_SEARCH_PATHS = "$(inherited) @executable_path/Frameworks";
				PRODUCT_BUNDLE_IDENTIFIER = com.bpiejak.WaterReport;
				PRODUCT_NAME = "$(TARGET_NAME)";
				SWIFT_VERSION = 3.0;
				TARGETED_DEVICE_FAMILY = "1,2";
			};
			name = Debug;
		};
		CEF2A55E1E4F610500C604AC /* Release */ = {
			isa = XCBuildConfiguration;
			baseConfigurationReference = 83C4221D112E739C0126A551 /* Pods-WaterReport.release.xcconfig */;
			buildSettings = {
				ASSETCATALOG_COMPILER_APPICON_NAME = AppIcon;
				INFOPLIST_FILE = WaterReport/Info.plist;
				LD_RUNPATH_SEARCH_PATHS = "$(inherited) @executable_path/Frameworks";
				PRODUCT_BUNDLE_IDENTIFIER = com.bpiejak.WaterReport;
				PRODUCT_NAME = "$(TARGET_NAME)";
				SWIFT_VERSION = 3.0;
				TARGETED_DEVICE_FAMILY = "1,2";
			};
			name = Release;
		};
		CEF2A5601E4F610500C604AC /* Debug */ = {
			isa = XCBuildConfiguration;
			baseConfigurationReference = 9D64673313F401252D862F35 /* Pods-WaterReportTests.debug.xcconfig */;
			buildSettings = {
				ALWAYS_EMBED_SWIFT_STANDARD_LIBRARIES = YES;
				BUNDLE_LOADER = "$(TEST_HOST)";
				INFOPLIST_FILE = WaterReportTests/Info.plist;
				LD_RUNPATH_SEARCH_PATHS = "$(inherited) @executable_path/Frameworks @loader_path/Frameworks";
				PRODUCT_BUNDLE_IDENTIFIER = com.bpiejak.WaterReportTests;
				PRODUCT_NAME = "$(TARGET_NAME)";
				SWIFT_VERSION = 3.0;
				TEST_HOST = "$(BUILT_PRODUCTS_DIR)/WaterReport.app/WaterReport";
			};
			name = Debug;
		};
		CEF2A5611E4F610500C604AC /* Release */ = {
			isa = XCBuildConfiguration;
			baseConfigurationReference = B25968BFDDB7825EE9329056 /* Pods-WaterReportTests.release.xcconfig */;
			buildSettings = {
				ALWAYS_EMBED_SWIFT_STANDARD_LIBRARIES = YES;
				BUNDLE_LOADER = "$(TEST_HOST)";
				INFOPLIST_FILE = WaterReportTests/Info.plist;
				LD_RUNPATH_SEARCH_PATHS = "$(inherited) @executable_path/Frameworks @loader_path/Frameworks";
				PRODUCT_BUNDLE_IDENTIFIER = com.bpiejak.WaterReportTests;
				PRODUCT_NAME = "$(TARGET_NAME)";
				SWIFT_VERSION = 3.0;
				TEST_HOST = "$(BUILT_PRODUCTS_DIR)/WaterReport.app/WaterReport";
			};
			name = Release;
		};
/* End XCBuildConfiguration section */

/* Begin XCConfigurationList section */
		CEF2A53A1E4F610500C604AC /* Build configuration list for PBXProject "WaterReport" */ = {
			isa = XCConfigurationList;
			buildConfigurations = (
				CEF2A55A1E4F610500C604AC /* Debug */,
				CEF2A55B1E4F610500C604AC /* Release */,
			);
			defaultConfigurationIsVisible = 0;
			defaultConfigurationName = Release;
		};
		CEF2A55C1E4F610500C604AC /* Build configuration list for PBXNativeTarget "WaterReport" */ = {
			isa = XCConfigurationList;
			buildConfigurations = (
				CEF2A55D1E4F610500C604AC /* Debug */,
				CEF2A55E1E4F610500C604AC /* Release */,
			);
			defaultConfigurationIsVisible = 0;
			defaultConfigurationName = Release;
		};
		CEF2A55F1E4F610500C604AC /* Build configuration list for PBXNativeTarget "WaterReportTests" */ = {
			isa = XCConfigurationList;
			buildConfigurations = (
				CEF2A5601E4F610500C604AC /* Debug */,
				CEF2A5611E4F610500C604AC /* Release */,
			);
			defaultConfigurationIsVisible = 0;
			defaultConfigurationName = Release;
		};
/* End XCConfigurationList section */
	};
	rootObject = CEF2A5371E4F610500C604AC /* Project object */;
}
